
Microsoft Visual Studio Solution File, Format Version 11.00
# Visual Studio 2010
Project("{FAE04EC0-301F-11D3-BF4B-00C04F79EFBC}") = "Sandbox", "Sandbox\Sandbox.csproj", "{CD88B115-F42C-4721-BFDD-D51378B464A3}"
EndProject
Project("{FAE04EC0-301F-11D3-BF4B-00C04F79EFBC}") = "EightTracksTests", "EightTracksTests\EightTracksTests.csproj", "{759539D8-A3F0-4369-B01C-0CC55FF0A052}"
EndProject
Project("{FAE04EC0-301F-11D3-BF4B-00C04F79EFBC}") = "EightTracksPlayer", "EightTracksPlayer\EightTracksPlayer.csproj", "{A96049BF-CA52-4124-B6D6-BAD5FF73D9AC}"
EndProject
Project("{2150E333-8FDC-42A3-9474-1A3956D46DE8}") = "Solution Items", "Solution Items", "{B891F49F-9C61-4303-BFA5-7EF15A1EA3FB}"
	ProjectSection(SolutionItems) = preProject
		read-me.txt = read-me.txt
	EndProjectSection
EndProject
Project("{FAE04EC0-301F-11D3-BF4B-00C04F79EFBC}") = "EightTracksWpfPlayer", "EightTracksWpfPlayer\EightTracksWpfPlayer.csproj", "{EB805A31-9271-469E-B2F3-F17516D7FEE0}"
EndProject
Global
	GlobalSection(SolutionConfigurationPlatforms) = preSolution
		CD_ROM|Any CPU = CD_ROM|Any CPU
		CD_ROM|Mixed Platforms = CD_ROM|Mixed Platforms
		CD_ROM|x64 = CD_ROM|x64
		CD_ROM|x86 = CD_ROM|x86
		Debug|Any CPU = Debug|Any CPU
		Debug|Mixed Platforms = Debug|Mixed Platforms
		Debug|x64 = Debug|x64
		Debug|x86 = Debug|x86
		DVD-5|Any CPU = DVD-5|Any CPU
		DVD-5|Mixed Platforms = DVD-5|Mixed Platforms
		DVD-5|x64 = DVD-5|x64
		DVD-5|x86 = DVD-5|x86
		Release|Any CPU = Release|Any CPU
		Release|Mixed Platforms = Release|Mixed Platforms
		Release|x64 = Release|x64
		Release|x86 = Release|x86
		SingleImage|Any CPU = SingleImage|Any CPU
		SingleImage|Mixed Platforms = SingleImage|Mixed Platforms
		SingleImage|x64 = SingleImage|x64
		SingleImage|x86 = SingleImage|x86
	EndGlobalSection
	GlobalSection(ProjectConfigurationPlatforms) = postSolution
		{CD88B115-F42C-4721-BFDD-D51378B464A3}.CD_ROM|Any CPU.ActiveCfg = Release|x86
		{CD88B115-F42C-4721-BFDD-D51378B464A3}.CD_ROM|Mixed Platforms.ActiveCfg = Release|x86
		{CD88B115-F42C-4721-BFDD-D51378B464A3}.CD_ROM|Mixed Platforms.Build.0 = Release|x86
		{CD88B115-F42C-4721-BFDD-D51378B464A3}.CD_ROM|x64.ActiveCfg = Release|x86
		{CD88B115-F42C-4721-BFDD-D51378B464A3}.CD_ROM|x86.ActiveCfg = Release|x86
		{CD88B115-F42C-4721-BFDD-D51378B464A3}.CD_ROM|x86.Build.0 = Release|x86
		{CD88B115-F42C-4721-BFDD-D51378B464A3}.Debug|Any CPU.ActiveCfg = Debug|x86
		{CD88B115-F42C-4721-BFDD-D51378B464A3}.Debug|Mixed Platforms.ActiveCfg = Debug|x86
		{CD88B115-F42C-4721-BFDD-D51378B464A3}.Debug|Mixed Platforms.Build.0 = Debug|x86
		{CD88B115-F42C-4721-BFDD-D51378B464A3}.Debug|x64.ActiveCfg = Debug|x86
		{CD88B115-F42C-4721-BFDD-D51378B464A3}.Debug|x64.Build.0 = Debug|x86
		{CD88B115-F42C-4721-BFDD-D51378B464A3}.Debug|x86.ActiveCfg = Debug|x86
		{CD88B115-F42C-4721-BFDD-D51378B464A3}.Debug|x86.Build.0 = Debug|x86
		{CD88B115-F42C-4721-BFDD-D51378B464A3}.DVD-5|Any CPU.ActiveCfg = Debug|x86
		{CD88B115-F42C-4721-BFDD-D51378B464A3}.DVD-5|Mixed Platforms.ActiveCfg = Debug|x86
		{CD88B115-F42C-4721-BFDD-D51378B464A3}.DVD-5|Mixed Platforms.Build.0 = Debug|x86
		{CD88B115-F42C-4721-BFDD-D51378B464A3}.DVD-5|x64.ActiveCfg = Debug|x86
		{CD88B115-F42C-4721-BFDD-D51378B464A3}.DVD-5|x86.ActiveCfg = Debug|x86
		{CD88B115-F42C-4721-BFDD-D51378B464A3}.DVD-5|x86.Build.0 = Debug|x86
		{CD88B115-F42C-4721-BFDD-D51378B464A3}.Release|Any CPU.ActiveCfg = Release|x86
		{CD88B115-F42C-4721-BFDD-D51378B464A3}.Release|Mixed Platforms.ActiveCfg = Release|x86
		{CD88B115-F42C-4721-BFDD-D51378B464A3}.Release|Mixed Platforms.Build.0 = Release|x86
		{CD88B115-F42C-4721-BFDD-D51378B464A3}.Release|x64.ActiveCfg = Release|x86
		{CD88B115-F42C-4721-BFDD-D51378B464A3}.Release|x86.ActiveCfg = Release|x86
		{CD88B115-F42C-4721-BFDD-D51378B464A3}.Release|x86.Build.0 = Release|x86
		{CD88B115-F42C-4721-BFDD-D51378B464A3}.SingleImage|Any CPU.ActiveCfg = Release|x86
		{CD88B115-F42C-4721-BFDD-D51378B464A3}.SingleImage|Mixed Platforms.ActiveCfg = Release|x86
		{CD88B115-F42C-4721-BFDD-D51378B464A3}.SingleImage|Mixed Platforms.Build.0 = Release|x86
		{CD88B115-F42C-4721-BFDD-D51378B464A3}.SingleImage|x64.ActiveCfg = Release|x86
		{CD88B115-F42C-4721-BFDD-D51378B464A3}.SingleImage|x86.ActiveCfg = Release|x86
		{CD88B115-F42C-4721-BFDD-D51378B464A3}.SingleImage|x86.Build.0 = Release|x86
		{759539D8-A3F0-4369-B01C-0CC55FF0A052}.CD_ROM|Any CPU.ActiveCfg = Release|x86
		{759539D8-A3F0-4369-B01C-0CC55FF0A052}.CD_ROM|Mixed Platforms.ActiveCfg = Release|x86
		{759539D8-A3F0-4369-B01C-0CC55FF0A052}.CD_ROM|Mixed Platforms.Build.0 = Release|x86
		{759539D8-A3F0-4369-B01C-0CC55FF0A052}.CD_ROM|x64.ActiveCfg = Release|x86
		{759539D8-A3F0-4369-B01C-0CC55FF0A052}.CD_ROM|x86.ActiveCfg = Release|x86
		{759539D8-A3F0-4369-B01C-0CC55FF0A052}.CD_ROM|x86.Build.0 = Release|x86
		{759539D8-A3F0-4369-B01C-0CC55FF0A052}.Debug|Any CPU.ActiveCfg = Debug|Any CPU
		{759539D8-A3F0-4369-B01C-0CC55FF0A052}.Debug|Any CPU.Build.0 = Debug|Any CPU
		{759539D8-A3F0-4369-B01C-0CC55FF0A052}.Debug|Mixed Platforms.ActiveCfg = Debug|Any CPU
		{759539D8-A3F0-4369-B01C-0CC55FF0A052}.Debug|Mixed Platforms.Build.0 = Debug|Any CPU
		{759539D8-A3F0-4369-B01C-0CC55FF0A052}.Debug|x64.ActiveCfg = Debug|x86
		{759539D8-A3F0-4369-B01C-0CC55FF0A052}.Debug|x64.Build.0 = Debug|x86
		{759539D8-A3F0-4369-B01C-0CC55FF0A052}.Debug|x86.ActiveCfg = Debug|Any CPU
		{759539D8-A3F0-4369-B01C-0CC55FF0A052}.DVD-5|Any CPU.ActiveCfg = Debug|x86
		{759539D8-A3F0-4369-B01C-0CC55FF0A052}.DVD-5|Mixed Platforms.ActiveCfg = Debug|x86
		{759539D8-A3F0-4369-B01C-0CC55FF0A052}.DVD-5|Mixed Platforms.Build.0 = Debug|x86
		{759539D8-A3F0-4369-B01C-0CC55FF0A052}.DVD-5|x64.ActiveCfg = Debug|x86
		{759539D8-A3F0-4369-B01C-0CC55FF0A052}.DVD-5|x86.ActiveCfg = Debug|x86
		{759539D8-A3F0-4369-B01C-0CC55FF0A052}.DVD-5|x86.Build.0 = Debug|x86
		{759539D8-A3F0-4369-B01C-0CC55FF0A052}.Release|Any CPU.ActiveCfg = Release|Any CPU
		{759539D8-A3F0-4369-B01C-0CC55FF0A052}.Release|Any CPU.Build.0 = Release|Any CPU
		{759539D8-A3F0-4369-B01C-0CC55FF0A052}.Release|Mixed Platforms.ActiveCfg = Release|Any CPU
		{759539D8-A3F0-4369-B01C-0CC55FF0A052}.Release|Mixed Platforms.Build.0 = Release|Any CPU
		{759539D8-A3F0-4369-B01C-0CC55FF0A052}.Release|x64.ActiveCfg = Release|x64
		{759539D8-A3F0-4369-B01C-0CC55FF0A052}.Release|x64.Build.0 = Release|x64
		{759539D8-A3F0-4369-B01C-0CC55FF0A052}.Release|x86.ActiveCfg = Release|Any CPU
		{759539D8-A3F0-4369-B01C-0CC55FF0A052}.SingleImage|Any CPU.ActiveCfg = Release|x86
		{759539D8-A3F0-4369-B01C-0CC55FF0A052}.SingleImage|Mixed Platforms.ActiveCfg = Release|x86
		{759539D8-A3F0-4369-B01C-0CC55FF0A052}.SingleImage|Mixed Platforms.Build.0 = Release|x86
		{759539D8-A3F0-4369-B01C-0CC55FF0A052}.SingleImage|x64.ActiveCfg = Release|x86
		{759539D8-A3F0-4369-B01C-0CC55FF0A052}.SingleImage|x86.ActiveCfg = Release|x86
		{759539D8-A3F0-4369-B01C-0CC55FF0A052}.SingleImage|x86.Build.0 = Release|x86
		{A96049BF-CA52-4124-B6D6-BAD5FF73D9AC}.CD_ROM|Any CPU.ActiveCfg = Release|x86
		{A96049BF-CA52-4124-B6D6-BAD5FF73D9AC}.CD_ROM|Mixed Platforms.ActiveCfg = Release|x86
		{A96049BF-CA52-4124-B6D6-BAD5FF73D9AC}.CD_ROM|Mixed Platforms.Build.0 = Release|x86
		{A96049BF-CA52-4124-B6D6-BAD5FF73D9AC}.CD_ROM|x64.ActiveCfg = Release|x86
		{A96049BF-CA52-4124-B6D6-BAD5FF73D9AC}.CD_ROM|x86.ActiveCfg = Release|x86
		{A96049BF-CA52-4124-B6D6-BAD5FF73D9AC}.CD_ROM|x86.Build.0 = Release|x86
		{A96049BF-CA52-4124-B6D6-BAD5FF73D9AC}.Debug|Any CPU.ActiveCfg = Debug|x86
		{A96049BF-CA52-4124-B6D6-BAD5FF73D9AC}.Debug|Mixed Platforms.ActiveCfg = Debug|x86
		{A96049BF-CA52-4124-B6D6-BAD5FF73D9AC}.Debug|Mixed Platforms.Build.0 = Debug|x86
		{A96049BF-CA52-4124-B6D6-BAD5FF73D9AC}.Debug|x64.ActiveCfg = Debug|x86
		{A96049BF-CA52-4124-B6D6-BAD5FF73D9AC}.Debug|x64.Build.0 = Debug|x86
		{A96049BF-CA52-4124-B6D6-BAD5FF73D9AC}.Debug|x86.ActiveCfg = Debug|x86
		{A96049BF-CA52-4124-B6D6-BAD5FF73D9AC}.Debug|x86.Build.0 = Debug|x86
		{A96049BF-CA52-4124-B6D6-BAD5FF73D9AC}.DVD-5|Any CPU.ActiveCfg = Debug|x86
		{A96049BF-CA52-4124-B6D6-BAD5FF73D9AC}.DVD-5|Mixed Platforms.ActiveCfg = Debug|x86
		{A96049BF-CA52-4124-B6D6-BAD5FF73D9AC}.DVD-5|Mixed Platforms.Build.0 = Debug|x86
		{A96049BF-CA52-4124-B6D6-BAD5FF73D9AC}.DVD-5|x64.ActiveCfg = Debug|x86
		{A96049BF-CA52-4124-B6D6-BAD5FF73D9AC}.DVD-5|x86.ActiveCfg = Debug|x86
		{A96049BF-CA52-4124-B6D6-BAD5FF73D9AC}.DVD-5|x86.Build.0 = Debug|x86
		{A96049BF-CA52-4124-B6D6-BAD5FF73D9AC}.Release|Any CPU.ActiveCfg = Release|x86
		{A96049BF-CA52-4124-B6D6-BAD5FF73D9AC}.Release|Mixed Platforms.ActiveCfg = Release|x86
		{A96049BF-CA52-4124-B6D6-BAD5FF73D9AC}.Release|Mixed Platforms.Build.0 = Release|x86
		{A96049BF-CA52-4124-B6D6-BAD5FF73D9AC}.Release|x64.ActiveCfg = Release|x86
		{A96049BF-CA52-4124-B6D6-BAD5FF73D9AC}.Release|x86.ActiveCfg = Release|x86
		{A96049BF-CA52-4124-B6D6-BAD5FF73D9AC}.Release|x86.Build.0 = Release|x86
		{A96049BF-CA52-4124-B6D6-BAD5FF73D9AC}.SingleImage|Any CPU.ActiveCfg = Release|x86
		{A96049BF-CA52-4124-B6D6-BAD5FF73D9AC}.SingleImage|Mixed Platforms.ActiveCfg = Release|x86
		{A96049BF-CA52-4124-B6D6-BAD5FF73D9AC}.SingleImage|Mixed Platforms.Build.0 = Release|x86
		{A96049BF-CA52-4124-B6D6-BAD5FF73D9AC}.SingleImage|x64.ActiveCfg = Release|x86
		{A96049BF-CA52-4124-B6D6-BAD5FF73D9AC}.SingleImage|x86.ActiveCfg = Release|x86
		{A96049BF-CA52-4124-B6D6-BAD5FF73D9AC}.SingleImage|x86.Build.0 = Release|x86
		{EB805A31-9271-469E-B2F3-F17516D7FEE0}.CD_ROM|Any CPU.ActiveCfg = Release|x86
		{EB805A31-9271-469E-B2F3-F17516D7FEE0}.CD_ROM|Mixed Platforms.ActiveCfg = Release|x86
		{EB805A31-9271-469E-B2F3-F17516D7FEE0}.CD_ROM|Mixed Platforms.Build.0 = Release|x86
		{EB805A31-9271-469E-B2F3-F17516D7FEE0}.CD_ROM|x64.ActiveCfg = Release|x86
		{EB805A31-9271-469E-B2F3-F17516D7FEE0}.CD_ROM|x86.ActiveCfg = Release|x86
		{EB805A31-9271-469E-B2F3-F17516D7FEE0}.CD_ROM|x86.Build.0 = Release|x86
		{EB805A31-9271-469E-B2F3-F17516D7FEE0}.Debug|Any CPU.ActiveCfg = Debug|x86
		{EB805A31-9271-469E-B2F3-F17516D7FEE0}.Debug|Mixed Platforms.ActiveCfg = Debug|x86
		{EB805A31-9271-469E-B2F3-F17516D7FEE0}.Debug|Mixed Platforms.Build.0 = Debug|x86
		{EB805A31-9271-469E-B2F3-F17516D7FEE0}.Debug|x64.ActiveCfg = Debug|x86
		{EB805A31-9271-469E-B2F3-F17516D7FEE0}.Debug|x86.ActiveCfg = Debug|x86
		{EB805A31-9271-469E-B2F3-F17516D7FEE0}.Debug|x86.Build.0 = Debug|x86
		{EB805A31-9271-469E-B2F3-F17516D7FEE0}.DVD-5|Any CPU.ActiveCfg = Debug|x86
		{EB805A31-9271-469E-B2F3-F17516D7FEE0}.DVD-5|Mixed Platforms.ActiveCfg = Debug|x86
		{EB805A31-9271-469E-B2F3-F17516D7FEE0}.DVD-5|Mixed Platforms.Build.0 = Debug|x86
		{EB805A31-9271-469E-B2F3-F17516D7FEE0}.DVD-5|x64.ActiveCfg = Debug|x86
		{EB805A31-9271-469E-B2F3-F17516D7FEE0}.DVD-5|x86.ActiveCfg = Debug|x86
		{EB805A31-9271-469E-B2F3-F17516D7FEE0}.DVD-5|x86.Build.0 = Debug|x86
		{EB805A31-9271-469E-B2F3-F17516D7FEE0}.Release|Any CPU.ActiveCfg = Release|x86
		{EB805A31-9271-469E-B2F3-F17516D7FEE0}.Release|Mixed Platforms.ActiveCfg = Release|x86
		{EB805A31-9271-469E-B2F3-F17516D7FEE0}.Release|Mixed Platforms.Build.0 = Release|x86
		{EB805A31-9271-469E-B2F3-F17516D7FEE0}.Release|x64.ActiveCfg = Release|x86
		{EB805A31-9271-469E-B2F3-F17516D7FEE0}.Release|x86.ActiveCfg = Release|x86
		{EB805A31-9271-469E-B2F3-F17516D7FEE0}.Release|x86.Build.0 = Release|x86
		{EB805A31-9271-469E-B2F3-F17516D7FEE0}.SingleImage|Any CPU.ActiveCfg = Release|x86
		{EB805A31-9271-469E-B2F3-F17516D7FEE0}.SingleImage|Mixed Platforms.ActiveCfg = Release|x86
		{EB805A31-9271-469E-B2F3-F17516D7FEE0}.SingleImage|Mixed Platforms.Build.0 = Release|x86
		{EB805A31-9271-469E-B2F3-F17516D7FEE0}.SingleImage|x64.ActiveCfg = Release|x86
		{EB805A31-9271-469E-B2F3-F17516D7FEE0}.SingleImage|x86.ActiveCfg = Release|x86
		{EB805A31-9271-469E-B2F3-F17516D7FEE0}.SingleImage|x86.Build.0 = Release|x86
	EndGlobalSection
	GlobalSection(SolutionProperties) = preSolution
		HideSolutionNode = FALSE
	EndGlobalSection
EndGlobal
